
Microsoft Visual Studio Solution File, Format Version 10.00
# Visual Studio 2008
Project("{2150E333-8FDC-42A3-9474-1A3956D46DE8}") = "lib", "lib", "{41ED1E17-7051-4187-BE3E-B2545FF4AE41}"
	ProjectSection(SolutionItems) = preProject
		lib\Moq.dll = lib\Moq.dll
		lib\xunit.dll = lib\xunit.dll
	EndProjectSection
EndProject
Project("{2150E333-8FDC-42A3-9474-1A3956D46DE8}") = "src", "src", "{A9A99182-A252-46E6-AD58-6A1112743988}"
EndProject
Project("{FAE04EC0-301F-11D3-BF4B-00C04F79EFBC}") = "ActiveRecordForAzure.Core", "src\ActiveRecordForAzure.Core\ActiveRecordForAzure.Core.csproj", "{8C73B2DD-AADE-4C01-8BB7-461FC55D650A}"
EndProject
Project("{FAE04EC0-301F-11D3-BF4B-00C04F79EFBC}") = "ActiveRecordForAzure.Core.Tests", "src\ActiveRecordForAzure.Core.Tests\ActiveRecordForAzure.Core.Tests.csproj", "{D8E0F936-1A23-4916-9DB9-8EE580481B87}"
EndProject
Global
	GlobalSection(SolutionConfigurationPlatforms) = preSolution
		Debug|Any CPU = Debug|Any CPU
		Release|Any CPU = Release|Any CPU
	EndGlobalSection
	GlobalSection(ProjectConfigurationPlatforms) = postSolution
		{8C73B2DD-AADE-4C01-8BB7-461FC55D650A}.Debug|Any CPU.ActiveCfg = Debug|Any CPU
		{8C73B2DD-AADE-4C01-8BB7-461FC55D650A}.Debug|Any CPU.Build.0 = Debug|Any CPU
		{8C73B2DD-AADE-4C01-8BB7-461FC55D650A}.Release|Any CPU.ActiveCfg = Release|Any CPU
		{8C73B2DD-AADE-4C01-8BB7-461FC55D650A}.Release|Any CPU.Build.0 = Release|Any CPU
		{D8E0F936-1A23-4916-9DB9-8EE580481B87}.Debug|Any CPU.ActiveCfg = Debug|Any CPU
		{D8E0F936-1A23-4916-9DB9-8EE580481B87}.Debug|Any CPU.Build.0 = Debug|Any CPU
		{D8E0F936-1A23-4916-9DB9-8EE580481B87}.Release|Any CPU.ActiveCfg = Release|Any CPU
		{D8E0F936-1A23-4916-9DB9-8EE580481B87}.Release|Any CPU.Build.0 = Release|Any CPU
	EndGlobalSection
	GlobalSection(SolutionProperties) = preSolution
		HideSolutionNode = FALSE
	EndGlobalSection
	GlobalSection(NestedProjects) = preSolution
		{8C73B2DD-AADE-4C01-8BB7-461FC55D650A} = {A9A99182-A252-46E6-AD58-6A1112743988}
		{D8E0F936-1A23-4916-9DB9-8EE580481B87} = {A9A99182-A252-46E6-AD58-6A1112743988}
	EndGlobalSection
EndGlobal
